
Microsoft Visual Studio Solution File, Format Version 12.00
# Visual Studio Version 16
VisualStudioVersion = 16.0.29613.14
MinimumVisualStudioVersion = 10.0.40219.1
Project("{9A19103F-16F7-4668-BE54-9A1E7A4F7556}") = "NorthwindDBProject.Business", "NorthwindDBProject.Business\NorthwindDBProject.Business.csproj", "{915B3E43-C65C-4387-97FB-313BD1120B25}"
EndProject
Project("{9A19103F-16F7-4668-BE54-9A1E7A4F7556}") = "NorthwindDBProject.DataAccess", "NorthwindDBProject.DataAccess\NorthwindDBProject.DataAccess.csproj", "{CCE84C75-F740-44F6-80FD-669D0A904CD1}"
EndProject
Project("{9A19103F-16F7-4668-BE54-9A1E7A4F7556}") = "NorthwindDBProject.Entities", "NorthwindDBProject.Entities\NorthwindDBProject.Entities.csproj", "{65C4CB0F-9380-40DD-BCFB-16B5151B8A51}"
EndProject
Project("{FAE04EC0-301F-11D3-BF4B-00C04F79EFBC}") = "NorthwindDBProject.MvcWebUI", "NorthwindDBProject.MvcWebUI\NorthwindDBProject.MvcWebUI.csproj", "{26C2D280-040E-4738-8A15-DFAA0A87CE84}"
EndProject
Project("{FAE04EC0-301F-11D3-BF4B-00C04F79EFBC}") = "NorthwindDBProject.Core", "NorthwindDBProject.Core\NorthwindDBProject.Core.csproj", "{AC96735C-0F11-41F1-949F-A3B7454FD33F}"
EndProject
Global
	GlobalSection(SolutionConfigurationPlatforms) = preSolution
		Debug|Any CPU = Debug|Any CPU
		Release|Any CPU = Release|Any CPU
	EndGlobalSection
	GlobalSection(ProjectConfigurationPlatforms) = postSolution
		{915B3E43-C65C-4387-97FB-313BD1120B25}.Debug|Any CPU.ActiveCfg = Debug|Any CPU
		{915B3E43-C65C-4387-97FB-313BD1120B25}.Debug|Any CPU.Build.0 = Debug|Any CPU
		{915B3E43-C65C-4387-97FB-313BD1120B25}.Release|Any CPU.ActiveCfg = Release|Any CPU
		{915B3E43-C65C-4387-97FB-313BD1120B25}.Release|Any CPU.Build.0 = Release|Any CPU
		{CCE84C75-F740-44F6-80FD-669D0A904CD1}.Debug|Any CPU.ActiveCfg = Debug|Any CPU
		{CCE84C75-F740-44F6-80FD-669D0A904CD1}.Debug|Any CPU.Build.0 = Debug|Any CPU
		{CCE84C75-F740-44F6-80FD-669D0A904CD1}.Release|Any CPU.ActiveCfg = Release|Any CPU
		{CCE84C75-F740-44F6-80FD-669D0A904CD1}.Release|Any CPU.Build.0 = Release|Any CPU
		{65C4CB0F-9380-40DD-BCFB-16B5151B8A51}.Debug|Any CPU.ActiveCfg = Debug|Any CPU
		{65C4CB0F-9380-40DD-BCFB-16B5151B8A51}.Debug|Any CPU.Build.0 = Debug|Any CPU
		{65C4CB0F-9380-40DD-BCFB-16B5151B8A51}.Release|Any CPU.ActiveCfg = Release|Any CPU
		{65C4CB0F-9380-40DD-BCFB-16B5151B8A51}.Release|Any CPU.Build.0 = Release|Any CPU
		{26C2D280-040E-4738-8A15-DFAA0A87CE84}.Debug|Any CPU.ActiveCfg = Debug|Any CPU
		{26C2D280-040E-4738-8A15-DFAA0A87CE84}.Debug|Any CPU.Build.0 = Debug|Any CPU
		{26C2D280-040E-4738-8A15-DFAA0A87CE84}.Release|Any CPU.ActiveCfg = Release|Any CPU
		{26C2D280-040E-4738-8A15-DFAA0A87CE84}.Release|Any CPU.Build.0 = Release|Any CPU
		{AC96735C-0F11-41F1-949F-A3B7454FD33F}.Debug|Any CPU.ActiveCfg = Debug|Any CPU
		{AC96735C-0F11-41F1-949F-A3B7454FD33F}.Debug|Any CPU.Build.0 = Debug|Any CPU
		{AC96735C-0F11-41F1-949F-A3B7454FD33F}.Release|Any CPU.ActiveCfg = Release|Any CPU
		{AC96735C-0F11-41F1-949F-A3B7454FD33F}.Release|Any CPU.Build.0 = Release|Any CPU
	EndGlobalSection
	GlobalSection(SolutionProperties) = preSolution
		HideSolutionNode = FALSE
	EndGlobalSection
	GlobalSection(ExtensibilityGlobals) = postSolution
		SolutionGuid = {1ADDCDD3-A720-4995-9355-D7EEEE2D3716}
	EndGlobalSection
EndGlobal
